
Microsoft Visual Studio Solution File, Format Version 12.00
Project("{FAE04EC0-301F-11D3-BF4B-00C04F79EFBC}") = "PhotonicsSuite", "PhotonicsSuite\PhotonicsSuite.csproj", "{95B4E8D1-0ACC-41E9-B428-7EB8E93DDC61}"
EndProject
Global
	GlobalSection(SolutionConfigurationPlatforms) = preSolution
		Debug|Any CPU = Debug|Any CPU
		Release|Any CPU = Release|Any CPU
	EndGlobalSection
	GlobalSection(ProjectConfigurationPlatforms) = postSolution
		{95B4E8D1-0ACC-41E9-B428-7EB8E93DDC61}.Debug|Any CPU.ActiveCfg = Debug|Any CPU
		{95B4E8D1-0ACC-41E9-B428-7EB8E93DDC61}.Debug|Any CPU.Build.0 = Debug|Any CPU
		{95B4E8D1-0ACC-41E9-B428-7EB8E93DDC61}.Release|Any CPU.ActiveCfg = Release|Any CPU
		{95B4E8D1-0ACC-41E9-B428-7EB8E93DDC61}.Release|Any CPU.Build.0 = Release|Any CPU
	EndGlobalSection
EndGlobal
